
Microsoft Visual Studio Solution File, Format Version 12.00
Project("{FAE04EC0-301F-11D3-BF4B-00C04F79EFBC}") = "Day4", "Day4.csproj", "{DBE612FF-1E24-4DE4-8A41-9C75505A7978}"
EndProject
Global
	GlobalSection(SolutionConfigurationPlatforms) = preSolution
		Debug|Any CPU = Debug|Any CPU
		Release|Any CPU = Release|Any CPU
	EndGlobalSection
	GlobalSection(ProjectConfigurationPlatforms) = postSolution
		{DBE612FF-1E24-4DE4-8A41-9C75505A7978}.Debug|Any CPU.ActiveCfg = Debug|Any CPU
		{DBE612FF-1E24-4DE4-8A41-9C75505A7978}.Debug|Any CPU.Build.0 = Debug|Any CPU
		{DBE612FF-1E24-4DE4-8A41-9C75505A7978}.Release|Any CPU.ActiveCfg = Release|Any CPU
		{DBE612FF-1E24-4DE4-8A41-9C75505A7978}.Release|Any CPU.Build.0 = Release|Any CPU
	EndGlobalSection
EndGlobal
