
Microsoft Visual Studio Solution File, Format Version 12.00
Project("{FAE04EC0-301F-11D3-BF4B-00C04F79EFBC}") = "Day12", "Day12\Day12.csproj", "{D94822C0-A702-4012-9D29-6CEE723C3A8E}"
EndProject
Global
	GlobalSection(SolutionConfigurationPlatforms) = preSolution
		Debug|Any CPU = Debug|Any CPU
		Release|Any CPU = Release|Any CPU
	EndGlobalSection
	GlobalSection(ProjectConfigurationPlatforms) = postSolution
		{D94822C0-A702-4012-9D29-6CEE723C3A8E}.Debug|Any CPU.ActiveCfg = Debug|Any CPU
		{D94822C0-A702-4012-9D29-6CEE723C3A8E}.Debug|Any CPU.Build.0 = Debug|Any CPU
		{D94822C0-A702-4012-9D29-6CEE723C3A8E}.Release|Any CPU.ActiveCfg = Release|Any CPU
		{D94822C0-A702-4012-9D29-6CEE723C3A8E}.Release|Any CPU.Build.0 = Release|Any CPU
	EndGlobalSection
EndGlobal
