
Microsoft Visual Studio Solution File, Format Version 12.00
Project("{FAE04EC0-301F-11D3-BF4B-00C04F79EFBC}") = "Day13", "Day13\Day13.csproj", "{C35AC2DC-3A44-4AE3-BA99-ACA66ADDFEDF}"
EndProject
Global
	GlobalSection(SolutionConfigurationPlatforms) = preSolution
		Debug|Any CPU = Debug|Any CPU
		Release|Any CPU = Release|Any CPU
	EndGlobalSection
	GlobalSection(ProjectConfigurationPlatforms) = postSolution
		{C35AC2DC-3A44-4AE3-BA99-ACA66ADDFEDF}.Debug|Any CPU.ActiveCfg = Debug|Any CPU
		{C35AC2DC-3A44-4AE3-BA99-ACA66ADDFEDF}.Debug|Any CPU.Build.0 = Debug|Any CPU
		{C35AC2DC-3A44-4AE3-BA99-ACA66ADDFEDF}.Release|Any CPU.ActiveCfg = Release|Any CPU
		{C35AC2DC-3A44-4AE3-BA99-ACA66ADDFEDF}.Release|Any CPU.Build.0 = Release|Any CPU
	EndGlobalSection
EndGlobal
